
Microsoft Visual Studio Solution File, Format Version 12.00
# Visual Studio Version 16
VisualStudioVersion = 16.0.28711.60
MinimumVisualStudioVersion = 10.0.40219.1
Project("{9A19103F-16F7-4668-BE54-9A1E7A4F7556}") = "Amaigoma", "Amaigoma.csproj", "{09B404A2-5112-4B42-8DAD-9B77C3734D25}"
EndProject
Project("{9A19103F-16F7-4668-BE54-9A1E7A4F7556}") = "AmaigomaConsole", "..\AmaigomaConsole\AmaigomaConsole.csproj", "{39B4F315-FB9D-418C-9619-4387A337378C}"
EndProject
Project("{9A19103F-16F7-4668-BE54-9A1E7A4F7556}") = "AmaigomaTests", "..\AmaigomaTests\AmaigomaTests.csproj", "{9F44F507-A5DF-4CA0-A140-21AFB95B7AE8}"
EndProject
Global
	GlobalSection(SolutionConfigurationPlatforms) = preSolution
		Debug|Any CPU = Debug|Any CPU
		Release|Any CPU = Release|Any CPU
	EndGlobalSection
	GlobalSection(ProjectConfigurationPlatforms) = postSolution
		{09B404A2-5112-4B42-8DAD-9B77C3734D25}.Debug|Any CPU.ActiveCfg = Debug|Any CPU
		{09B404A2-5112-4B42-8DAD-9B77C3734D25}.Debug|Any CPU.Build.0 = Debug|Any CPU
		{09B404A2-5112-4B42-8DAD-9B77C3734D25}.Release|Any CPU.ActiveCfg = Release|Any CPU
		{09B404A2-5112-4B42-8DAD-9B77C3734D25}.Release|Any CPU.Build.0 = Release|Any CPU
		{39B4F315-FB9D-418C-9619-4387A337378C}.Debug|Any CPU.ActiveCfg = Debug|Any CPU
		{39B4F315-FB9D-418C-9619-4387A337378C}.Debug|Any CPU.Build.0 = Debug|Any CPU
		{39B4F315-FB9D-418C-9619-4387A337378C}.Release|Any CPU.ActiveCfg = Release|Any CPU
		{39B4F315-FB9D-418C-9619-4387A337378C}.Release|Any CPU.Build.0 = Release|Any CPU
		{9F44F507-A5DF-4CA0-A140-21AFB95B7AE8}.Debug|Any CPU.ActiveCfg = Debug|Any CPU
		{9F44F507-A5DF-4CA0-A140-21AFB95B7AE8}.Debug|Any CPU.Build.0 = Debug|Any CPU
		{9F44F507-A5DF-4CA0-A140-21AFB95B7AE8}.Release|Any CPU.ActiveCfg = Release|Any CPU
		{9F44F507-A5DF-4CA0-A140-21AFB95B7AE8}.Release|Any CPU.Build.0 = Release|Any CPU
	EndGlobalSection
	GlobalSection(SolutionProperties) = preSolution
		HideSolutionNode = FALSE
	EndGlobalSection
	GlobalSection(ExtensibilityGlobals) = postSolution
		SolutionGuid = {08AC92F4-C7E8-4D97-BBFE-2574E19DA66A}
	EndGlobalSection
EndGlobal
